{
  "name": "ledger-themes",
  "version": "0.0.0",
  "lockfileVersion": 3,
  "requires": true,
  "packages": {
    "": {
      "name": "ledger-themes",
      "version": "0.0.0",
      "license": "MIT",
      "workspaces": [
        "packages/*"
      ],
      "devDependencies": {
        "@cpyle0819/ambience": "github:cpyle0819/ambience"
      }
    },
    "node_modules/@cpyle0819/ambience": {
      "version": "2.1.1",
      "resolved": "git+ssh://git@github.com/cpyle0819/ambience.git#fbef3a2e1614c0df47023fc33c30269f8ffb8cc0",
      "license": "MIT"
    },
    "node_modules/@cpyle0819/ledger-theme-space-opera": {
      "resolved": "packages/space-opera",
      "link": true
    },
    "node_modules/@cpyle0819/ledger-theme-the-ledger": {
      "resolved": "packages/the-ledger",
      "link": true
    },
    "packages/space-opera": {
      "name": "@cpyle0819/ledger-theme-space-opera",
      "version": "1.1.1",
      "license": "MIT",
      "peerDependencies": {
        "@cpyle0819/ambience": "^2.1.1"
      }
    },
    "packages/the-ledger": {
      "name": "@cpyle0819/ledger-theme-the-ledger",
      "version": "1.1.0",
      "license": "MIT",
      "peerDependencies": {
        "@cpyle0819/ambience": "^2.0.0"
      }
    }
  }
}
