{
  "name": "ledger-themes",
  "version": "0.0.0",
  "lockfileVersion": 3,
  "requires": true,
  "packages": {
    "": {
      "name": "ledger-themes",
      "version": "0.0.0",
      "license": "MIT",
      "workspaces": [
        "packages/*"
      ]
    },
    "node_modules/@cpyle0819/ledger-theme-space-opera": {
      "resolved": "packages/space-opera",
      "link": true
    },
    "node_modules/@cpyle0819/ledger-theme-the-ledger": {
      "resolved": "packages/the-ledger",
      "link": true
    },
    "node_modules/smoke-drift": {
      "version": "1.0.0",
      "resolved": "git+ssh://git@github.com/cpyle0819/smoke-drift.git#6bc1b0a4846c43c2f62e15df32929ae7f8db18a5",
      "license": "MIT"
    },
    "packages/space-opera": {
      "name": "@cpyle0819/ledger-theme-space-opera",
      "version": "1.0.0",
      "license": "MIT"
    },
    "packages/the-ledger": {
      "name": "@cpyle0819/ledger-theme-the-ledger",
      "version": "1.0.0",
      "license": "MIT",
      "dependencies": {
        "smoke-drift": "github:cpyle0819/smoke-drift"
      }
    }
  }
}
